// !$*UTF8*$!
{
	archiveVersion = 1;
	classes = {
	};
	objectVersion = 46;
	objects = {

/* Begin PBXBuildFile section */
		EEDA96AC1EA3F414005FC2C3 /* AppDelegate.swift in Sources */ = {isa = PBXBuildFile; fileRef = EEDA96AB1EA3F414005FC2C3 /* AppDelegate.swift */; };
		EEDA96AE1EA3F414005FC2C3 /* ViewController.swift in Sources */ = {isa = PBXBuildFile; fileRef = EEDA96AD1EA3F414005FC2C3 /* ViewController.swift */; };
		EEDA96B11EA3F414005FC2C3 /* Main.storyboard in Resources */ = {isa = PBXBuildFile; fileRef = EEDA96AF1EA3F414005FC2C3 /* Main.storyboard */; };
		EEDA96B41EA3F414005FC2C3 /* SoundBoard.xcdatamodeld in Sources */ = {isa = PBXBuildFile; fileRef = EEDA96B21EA3F414005FC2C3 /* SoundBoard.xcdatamodeld */; };
		EEDA96B61EA3F414005FC2C3 /* Assets.xcassets in Resources */ = {isa = PBXBuildFile; fileRef = EEDA96B51EA3F414005FC2C3 /* Assets.xcassets */; };
		EEDA96B91EA3F414005FC2C3 /* LaunchScreen.storyboard in Resources */ = {isa = PBXBuildFile; fileRef = EEDA96B71EA3F414005FC2C3 /* LaunchScreen.storyboard */; };
/* End PBXBuildFile section */

/* Begin PBXFileReference section */
		EEDA96A81EA3F414005FC2C3 /* SoundBoard.app */ = {isa = PBXFileReference; explicitFileType = wrapper.application; includeInIndex = 0; path = SoundBoard.app; sourceTree = BUILT_PRODUCTS_DIR; };
		EEDA96AB1EA3F414005FC2C3 /* AppDelegate.swift */ = {isa = PBXFileReference; lastKnownFileType = sourcecode.swift; path = AppDelegate.swift; sourceTree = "<group>"; };
		EEDA96AD1EA3F414005FC2C3 /* ViewController.swift */ = {isa = PBXFileReference; lastKnownFileType = sourcecode.swift; path = ViewController.swift; sourceTree = "<group>"; };
		EEDA96B01EA3F414005FC2C3 /* Base */ = {isa = PBXFileReference; lastKnownFileType = file.storyboard; name = Base; path = Base.lproj/Main.storyboard; sourceTree = "<group>"; };
		EEDA96B31EA3F414005FC2C3 /* SoundBoard.xcdatamodel */ = {isa = PBXFileReference; lastKnownFileType = wrapper.xcdatamodel; path = SoundBoard.xcdatamodel; sourceTree = "<group>"; };
		EEDA96B51EA3F414005FC2C3 /* Assets.xcassets */ = {isa = PBXFileReference; lastKnownFileType = folder.assetcatalog; path = Assets.xcassets; sourceTree = "<group>"; };
		EEDA96B81EA3F414005FC2C3 /* Base */ = {isa = PBXFileReference; lastKnownFileType = file.storyboard; name = Base; path = Base.lproj/LaunchScreen.storyboard; sourceTree = "<group>"; };
		EEDA96BA1EA3F414005FC2C3 /* Info.plist */ = {isa = PBXFileReference; lastKnownFileType = text.plist.xml; path = Info.plist; sourceTree = "<group>"; };
/* End PBXFileReference section */

/* Begin PBXFrameworksBuildPhase section */
		EEDA96A51EA3F414005FC2C3 /* Frameworks */ = {
			isa = PBXFrameworksBuildPhase;
			buildActionMask = 2147483647;
			files = (
			);
			runOnlyForDeploymentPostprocessing = 0;
		};
/* End PBXFrameworksBuildPhase section */

/* Begin PBXGroup section */
		EEDA969F1EA3F414005FC2C3 = {
			isa = PBXGroup;
			children = (
				EEDA96AA1EA3F414005FC2C3 /* SoundBoard */,
				EEDA96A91EA3F414005FC2C3 /* Products */,
			);
			sourceTree = "<group>";
		};
		EEDA96A91EA3F414005FC2C3 /* Products */ = {
			isa = PBXGroup;
			children = (
				EEDA96A81EA3F414005FC2C3 /* SoundBoard.app */,
			);
			name = Products;
			sourceTree = "<group>";
		};
		EEDA96AA1EA3F414005FC2C3 /* SoundBoard */ = {
			isa = PBXGroup;
			children = (
				EEDA96AB1EA3F414005FC2C3 /* AppDelegate.swift */,
				EEDA96AD1EA3F414005FC2C3 /* ViewController.swift */,
				EEDA96AF1EA3F414005FC2C3 /* Main.storyboard */,
				EEDA96B51EA3F414005FC2C3 /* Assets.xcassets */,
				EEDA96B71EA3F414005FC2C3 /* LaunchScreen.storyboard */,
				EEDA96BA1EA3F414005FC2C3 /* Info.plist */,
				EEDA96B21EA3F414005FC2C3 /* SoundBoard.xcdatamodeld */,
			);
			path = SoundBoard;
			sourceTree = "<group>";
		};
/* End PBXGroup section */

/* Begin PBXNativeTarget section */
		EEDA96A71EA3F414005FC2C3 /* SoundBoard */ = {
			isa = PBXNativeTarget;
			buildConfigurationList = EEDA96BD1EA3F414005FC2C3 /* Build configuration list for PBXNativeTarget "SoundBoard" */;
			buildPhases = (
				EEDA96A41EA3F414005FC2C3 /* Sources */,
				EEDA96A51EA3F414005FC2C3 /* Frameworks */,
				EEDA96A61EA3F414005FC2C3 /* Resources */,
			);
			buildRules = (
			);
			dependencies = (
			);
			name = SoundBoard;
			productName = SoundBoard;
			productReference = EEDA96A81EA3F414005FC2C3 /* SoundBoard.app */;
			productType = "com.apple.product-type.application";
		};
/* End PBXNativeTarget section */

/* Begin PBXProject section */
		EEDA96A01EA3F414005FC2C3 /* Project object */ = {
			isa = PBXProject;
			attributes = {
				LastSwiftUpdateCheck = 0830;
				LastUpgradeCheck = 0830;
				ORGANIZATIONNAME = "Big Nerd Ranch";
				TargetAttributes = {
					EEDA96A71EA3F414005FC2C3 = {
						CreatedOnToolsVersion = 8.3.1;
						ProvisioningStyle = Automatic;
					};
				};
			};
			buildConfigurationList = EEDA96A31EA3F414005FC2C3 /* Build configuration list for PBXProject "SoundBoard" */;
			compatibilityVersion = "Xcode 3.2";
			developmentRegion = English;
			hasScannedForEncodings = 0;
			knownRegions = (
				en,
				Base,
			);
			mainGroup = EEDA969F1EA3F414005FC2C3;
			productRefGroup = EEDA96A91EA3F414005FC2C3 /* Products */;
			projectDirPath = "";
			projectRoot = "";
			targets = (
				EEDA96A71EA3F414005FC2C3 /* SoundBoard */,
			);
		};
/* End PBXProject section */

/* Begin PBXResourcesBuildPhase section */
		EEDA96A61EA3F414005FC2C3 /* Resources */ = {
			isa = PBXResourcesBuildPhase;
			buildActionMask = 2147483647;
			files = (
				EEDA96B91EA3F414005FC2C3 /* LaunchScreen.storyboard in Resources */,
				EEDA96B61EA3F414005FC2C3 /* Assets.xcassets in Resources */,
				EEDA96B11EA3F414005FC2C3 /* Main.storyboard in Resources */,
			);
			runOnlyForDeploymentPostprocessing = 0;
		};
/* End PBXResourcesBuildPhase section */

/* Begin PBXSourcesBuildPhase section */
		EEDA96A41EA3F414005FC2C3 /* Sources */ = {
			isa = PBXSourcesBuildPhase;
			buildActionMask = 2147483647;
			files = (
				EEDA96B41EA3F414005FC2C3 /* SoundBoard.xcdatamodeld in Sources */,
				EEDA96AE1EA3F414005FC2C3 /* ViewController.swift in Sources */,
				EEDA96AC1EA3F414005FC2C3 /* AppDelegate.swift in Sources */,
			);
			runOnlyForDeploymentPostprocessing = 0;
		};
/* End PBXSourcesBuildPhase section */

/* Begin PBXVariantGroup section */
		EEDA96AF1EA3F414005FC2C3 /* Main.storyboard */ = {
			isa = PBXVariantGroup;
			children = (
				EEDA96B01EA3F414005FC2C3 /* Base */,
			);
			name = Main.storyboard;
			sourceTree = "<group>";
		};
		EEDA96B71EA3F414005FC2C3 /* LaunchScreen.storyboard */ = {
			isa = PBXVariantGroup;
			children = (
				EEDA96B81EA3F414005FC2C3 /* Base */,
			);
			name = LaunchScreen.storyboard;
			sourceTree = "<group>";
		};
/* End PBXVariantGroup section */

/* Begin XCBuildConfiguration section */
		EEDA96BB1EA3F414005FC2C3 /* Debug */ = {
			isa = XCBuildConfiguration;
			buildSettings = {
				ALWAYS_SEARCH_USER_PATHS = NO;
				CLANG_ANALYZER_NONNULL = YES;
				CLANG_ANALYZER_NUMBER_OBJECT_CONVERSION = YES_AGGRESSIVE;
				CLANG_CXX_LANGUAGE_STANDARD = "gnu++0x";
				CLANG_CXX_LIBRARY = "libc++";
				CLANG_ENABLE_MODULES = YES;
				CLANG_ENABLE_OBJC_ARC = YES;
				CLANG_WARN_BOOL_CONVERSION = YES;
				CLANG_WARN_CONSTANT_CONVERSION = YES;
				CLANG_WARN_DIRECT_OBJC_ISA_USAGE = YES_ERROR;
				CLANG_WARN_DOCUMENTATION_COMMENTS = YES;
				CLANG_WARN_EMPTY_BODY = YES;
				CLANG_WARN_ENUM_CONVERSION = YES;
				CLANG_WARN_INFINITE_RECURSION = YES;
				CLANG_WARN_INT_CONVERSION = YES;
				CLANG_WARN_OBJC_ROOT_CLASS = YES_ERROR;
				CLANG_WARN_SUSPICIOUS_MOVE = YES;
				CLANG_WARN_UNREACHABLE_CODE = YES;
				CLANG_WARN__DUPLICATE_METHOD_MATCH = YES;
				"CODE_SIGN_IDENTITY[sdk=iphoneos*]" = "iPhone Developer";
				COPY_PHASE_STRIP = NO;
				DEBUG_INFORMATION_FORMAT = dwarf;
				ENABLE_STRICT_OBJC_MSGSEND = YES;
				ENABLE_TESTABILITY = YES;
				GCC_C_LANGUAGE_STANDARD = gnu99;
				GCC_DYNAMIC_NO_PIC = NO;
				GCC_NO_COMMON_BLOCKS = YES;
				GCC_OPTIMIZATION_LEVEL = 0;
				GCC_PREPROCESSOR_DEFINITIONS = (
					"DEBUG=1",
					"$(inherited)",
				);
				GCC_WARN_64_TO_32_BIT_CONVERSION = YES;
				GCC_WARN_ABOUT_RETURN_TYPE = YES_ERROR;
				GCC_WARN_UNDECLARED_SELECTOR = YES;
				GCC_WARN_UNINITIALIZED_AUTOS = YES_AGGRESSIVE;
				GCC_WARN_UNUSED_FUNCTION = YES;
				GCC_WARN_UNUSED_VARIABLE = YES;
				IPHONEOS_DEPLOYMENT_TARGET = 10.3;
				MTL_ENABLE_DEBUG_INFO = YES;
				ONLY_ACTIVE_ARCH = YES;
				SDKROOT = iphoneos;
				SWIFT_ACTIVE_COMPILATION_CONDITIONS = DEBUG;
				SWIFT_OPTIMIZATION_LEVEL = "-Onone";
				TARGETED_DEVICE_FAMILY = "1,2";
			};
			name = Debug;
		};
		EEDA96BC1EA3F414005FC2C3 /* Release */ = {
			isa = XCBuildConfiguration;
			buildSettings = {
				ALWAYS_SEARCH_USER_PATHS = NO;
				CLANG_ANALYZER_NONNULL = YES;
				CLANG_ANALYZER_NUMBER_OBJECT_CONVERSION = YES_AGGRESSIVE;
				CLANG_CXX_LANGUAGE_STANDARD = "gnu++0x";
				CLANG_CXX_LIBRARY = "libc++";
				CLANG_ENABLE_MODULES = YES;
				CLANG_ENABLE_OBJC_ARC = YES;
				CLANG_WARN_BOOL_CONVERSION = YES;
				CLANG_WARN_CONSTANT_CONVERSION = YES;
				CLANG_WARN_DIRECT_OBJC_ISA_USAGE = YES_ERROR;
				CLANG_WARN_DOCUMENTATION_COMMENTS = YES;
				CLANG_WARN_EMPTY_BODY = YES;
				CLANG_WARN_ENUM_CONVERSION = YES;
				CLANG_WARN_INFINITE_RECURSION = YES;
				CLANG_WARN_INT_CONVERSION = YES;
				CLANG_WARN_OBJC_ROOT_CLASS = YES_ERROR;
				CLANG_WARN_SUSPICIOUS_MOVE = YES;
				CLANG_WARN_UNREACHABLE_CODE = YES;
				CLANG_WARN__DUPLICATE_METHOD_MATCH = YES;
				"CODE_SIGN_IDENTITY[sdk=iphoneos*]" = "iPhone Developer";
				COPY_PHASE_STRIP = NO;
				DEBUG_INFORMATION_FORMAT = "dwarf-with-dsym";
				ENABLE_NS_ASSERTIONS = NO;
				ENABLE_STRICT_OBJC_MSGSEND = YES;
				GCC_C_LANGUAGE_STANDARD = gnu99;
				GCC_NO_COMMON_BLOCKS = YES;
				GCC_WARN_64_TO_32_BIT_CONVERSION = YES;
				GCC_WARN_ABOUT_RETURN_TYPE = YES_ERROR;
				GCC_WARN_UNDECLARED_SELECTOR = YES;
				GCC_WARN_UNINITIALIZED_AUTOS = YES_AGGRESSIVE;
				GCC_WARN_UNUSED_FUNCTION = YES;
				GCC_WARN_UNUSED_VARIABLE = YES;
				IPHONEOS_DEPLOYMENT_TARGET = 10.3;
				MTL_ENABLE_DEBUG_INFO = NO;
				SDKROOT = iphoneos;
				SWIFT_OPTIMIZATION_LEVEL = "-Owholemodule";
				TARGETED_DEVICE_FAMILY = "1,2";
				VALIDATE_PRODUCT = YES;
			};
			name = Release;
		};
		EEDA96BE1EA3F414005FC2C3 /* Debug */ = {
			isa = XCBuildConfiguration;
			buildSettings = {
				ASSETCATALOG_COMPILER_APPICON_NAME = AppIcon;
				INFOPLIST_FILE = SoundBoard/Info.plist;
				LD_RUNPATH_SEARCH_PATHS = "$(inherited) @executable_path/Frameworks";
				PRODUCT_BUNDLE_IDENTIFIER = com.bignerdrach.SoundBoard;
				PRODUCT_NAME = "$(TARGET_NAME)";
				SWIFT_VERSION = 3.0;
			};
			name = Debug;
		};
		EEDA96BF1EA3F414005FC2C3 /* Release */ = {
			isa = XCBuildConfiguration;
			buildSettings = {
				ASSETCATALOG_COMPILER_APPICON_NAME = AppIcon;
				INFOPLIST_FILE = SoundBoard/Info.plist;
				LD_RUNPATH_SEARCH_PATHS = "$(inherited) @executable_path/Frameworks";
				PRODUCT_BUNDLE_IDENTIFIER = com.bignerdrach.SoundBoard;
				PRODUCT_NAME = "$(TARGET_NAME)";
				SWIFT_VERSION = 3.0;
			};
			name = Release;
		};
/* End XCBuildConfiguration section */

/* Begin XCConfigurationList section */
		EEDA96A31EA3F414005FC2C3 /* Build configuration list for PBXProject "SoundBoard" */ = {
			isa = XCConfigurationList;
			buildConfigurations = (
				EEDA96BB1EA3F414005FC2C3 /* Debug */,
				EEDA96BC1EA3F414005FC2C3 /* Release */,
			);
			defaultConfigurationIsVisible = 0;
			defaultConfigurationName = Release;
		};
		EEDA96BD1EA3F414005FC2C3 /* Build configuration list for PBXNativeTarget "SoundBoard" */ = {
			isa = XCConfigurationList;
			buildConfigurations = (
				EEDA96BE1EA3F414005FC2C3 /* Debug */,
				EEDA96BF1EA3F414005FC2C3 /* Release */,
			);
			defaultConfigurationIsVisible = 0;
		};
/* End XCConfigurationList section */

/* Begin XCVersionGroup section */
		EEDA96B21EA3F414005FC2C3 /* SoundBoard.xcdatamodeld */ = {
			isa = XCVersionGroup;
			children = (
				EEDA96B31EA3F414005FC2C3 /* SoundBoard.xcdatamodel */,
			);
			currentVersion = EEDA96B31EA3F414005FC2C3 /* SoundBoard.xcdatamodel */;
			path = SoundBoard.xcdatamodeld;
			sourceTree = "<group>";
			versionGroupType = wrapper.xcdatamodel;
		};
/* End XCVersionGroup section */
	};
	rootObject = EEDA96A01EA3F414005FC2C3 /* Project object */;
}
